// !$*UTF8*$!
{
	archiveVersion = 1;
	classes = {
	};
	objectVersion = 46;
	objects = {

/* Begin PBXBuildFile section */
		F909311B202FE9A500166FB9 /* AccountComboBoxDataSource.swift in Sources */ = {isa = PBXBuildFile; fileRef = F909311A202FE9A500166FB9 /* AccountComboBoxDataSource.swift */; };
		F909311D202FF1F000166FB9 /* PayeeComboBoxDataSource.swift in Sources */ = {isa = PBXBuildFile; fileRef = F909311C202FF1F000166FB9 /* PayeeComboBoxDataSource.swift */; };
		F9093120202FF4B300166FB9 /* SwiftBeanCountParser.framework.dSYM in Resources */ = {isa = PBXBuildFile; fileRef = F909311E202FF4B300166FB9 /* SwiftBeanCountParser.framework.dSYM */; };
		F9093122202FF4BB00166FB9 /* SwiftBeanCountParser.framework in Frameworks */ = {isa = PBXBuildFile; fileRef = F909311F202FF4B300166FB9 /* SwiftBeanCountParser.framework */; };
		F9093123202FF4BB00166FB9 /* SwiftBeanCountParser.framework in Embed Frameworks */ = {isa = PBXBuildFile; fileRef = F909311F202FF4B300166FB9 /* SwiftBeanCountParser.framework */; settings = {ATTRIBUTES = (CodeSignOnCopy, RemoveHeadersOnCopy, ); }; };
		F90DBD8320969AD5002CC310 /* ImportedTransaction.swift in Sources */ = {isa = PBXBuildFile; fileRef = F90DBD8220969AD5002CC310 /* ImportedTransaction.swift */; };
		F91C986C1F5CBC01008BAB11 /* SwiftBeanCountModel.framework.dSYM in Resources */ = {isa = PBXBuildFile; fileRef = F91C986B1F5CBC01008BAB11 /* SwiftBeanCountModel.framework.dSYM */; };
		F93C20221F5D1D7900372960 /* LunchOnUsImporter.swift in Sources */ = {isa = PBXBuildFile; fileRef = F93C20211F5D1D7900372960 /* LunchOnUsImporter.swift */; };
		F949EAAD23A7FA61003643AC /* RogersImporter.swift in Sources */ = {isa = PBXBuildFile; fileRef = F949EAAC23A7FA61003643AC /* RogersImporter.swift */; };
		F9786CB01F550C7E002EBB53 /* CSV.framework.dSYM in Carthage dSYMs */ = {isa = PBXBuildFile; fileRef = F9786CAF1F550C77002EBB53 /* CSV.framework.dSYM */; };
		F97ED1F91F5CBC55009BAD44 /* SwiftBeanCountModel.framework.dSYM in Carthage dSYMs */ = {isa = PBXBuildFile; fileRef = F91C986B1F5CBC01008BAB11 /* SwiftBeanCountModel.framework.dSYM */; };
		F97ED1FD1F5CEEE1009BAD44 /* ImportViewController.swift in Sources */ = {isa = PBXBuildFile; fileRef = F97ED1FC1F5CEEE1009BAD44 /* ImportViewController.swift */; };
		F98AD0F71F551D2300CC02DA /* CSVImporter.swift in Sources */ = {isa = PBXBuildFile; fileRef = F98AD0F61F551D2300CC02DA /* CSVImporter.swift */; };
		F98AD0F91F55211900CC02DA /* RBCImporter.swift in Sources */ = {isa = PBXBuildFile; fileRef = F98AD0F81F55211900CC02DA /* RBCImporter.swift */; };
		F98AD0FB1F55213300CC02DA /* TangerineImporter.swift in Sources */ = {isa = PBXBuildFile; fileRef = F98AD0FA1F55213300CC02DA /* TangerineImporter.swift */; };
		F98E4AF82025911B00924AD4 /* DataEntryViewController.swift in Sources */ = {isa = PBXBuildFile; fileRef = F98E4AF72025911B00924AD4 /* DataEntryViewController.swift */; };
		F995061C23B102E700777D71 /* SimpliiImporter.swift in Sources */ = {isa = PBXBuildFile; fileRef = F995061B23B102E700777D71 /* SimpliiImporter.swift */; };
		F995061E23B11E8300777D71 /* DuplicateTransactionViewController.swift in Sources */ = {isa = PBXBuildFile; fileRef = F995061D23B11E8300777D71 /* DuplicateTransactionViewController.swift */; };
		F9B9E14E2324D4D200811B3F /* TextEntryViewController.swift in Sources */ = {isa = PBXBuildFile; fileRef = F9B9E14D2324D4D200811B3F /* TextEntryViewController.swift */; };
		F9B9E1502325C96100811B3F /* ManuLifeImporter.swift in Sources */ = {isa = PBXBuildFile; fileRef = F9B9E14F2325C96100811B3F /* ManuLifeImporter.swift */; };
		F9C438551F550AB5004732E2 /* AppDelegate.swift in Sources */ = {isa = PBXBuildFile; fileRef = F9C438541F550AB5004732E2 /* AppDelegate.swift */; };
		F9C438571F550AB5004732E2 /* SelectorViewController.swift in Sources */ = {isa = PBXBuildFile; fileRef = F9C438561F550AB5004732E2 /* SelectorViewController.swift */; };
		F9C438591F550AB5004732E2 /* Assets.xcassets in Resources */ = {isa = PBXBuildFile; fileRef = F9C438581F550AB5004732E2 /* Assets.xcassets */; };
		F9C4385C1F550AB5004732E2 /* Main.storyboard in Resources */ = {isa = PBXBuildFile; fileRef = F9C4385A1F550AB5004732E2 /* Main.storyboard */; };
		F9C438671F550AB5004732E2 /* BeanCountImporterTests.swift in Sources */ = {isa = PBXBuildFile; fileRef = F9C438661F550AB5004732E2 /* BeanCountImporterTests.swift */; };
		F9C438721F550AB5004732E2 /* BeanCountImporterUITests.swift in Sources */ = {isa = PBXBuildFile; fileRef = F9C438711F550AB5004732E2 /* BeanCountImporterUITests.swift */; };
		F9C438801F550C11004732E2 /* CSV.framework in Frameworks */ = {isa = PBXBuildFile; fileRef = F9C4387F1F550C11004732E2 /* CSV.framework */; };
		F9C438811F550C11004732E2 /* CSV.framework in Embed Frameworks */ = {isa = PBXBuildFile; fileRef = F9C4387F1F550C11004732E2 /* CSV.framework */; settings = {ATTRIBUTES = (CodeSignOnCopy, RemoveHeadersOnCopy, ); }; };
		F9DD662C23614C7300908BE2 /* N26Importer.swift in Sources */ = {isa = PBXBuildFile; fileRef = F9DD662B23614C7300908BE2 /* N26Importer.swift */; };
		F9DD92C01F5CBBD500738DEA /* SwiftBeanCountModel.framework in Frameworks */ = {isa = PBXBuildFile; fileRef = F9DD92BF1F5CBBD400738DEA /* SwiftBeanCountModel.framework */; };
		F9DD92C11F5CBBD500738DEA /* SwiftBeanCountModel.framework in Embed Frameworks */ = {isa = PBXBuildFile; fileRef = F9DD92BF1F5CBBD400738DEA /* SwiftBeanCountModel.framework */; settings = {ATTRIBUTES = (CodeSignOnCopy, RemoveHeadersOnCopy, ); }; };
/* End PBXBuildFile section */

/* Begin PBXContainerItemProxy section */
		F9C438631F550AB5004732E2 /* PBXContainerItemProxy */ = {
			isa = PBXContainerItemProxy;
			containerPortal = F9C438491F550AB5004732E2 /* Project object */;
			proxyType = 1;
			remoteGlobalIDString = F9C438501F550AB5004732E2;
			remoteInfo = BeanCountImporter;
		};
		F9C4386E1F550AB5004732E2 /* PBXContainerItemProxy */ = {
			isa = PBXContainerItemProxy;
			containerPortal = F9C438491F550AB5004732E2 /* Project object */;
			proxyType = 1;
			remoteGlobalIDString = F9C438501F550AB5004732E2;
			remoteInfo = BeanCountImporter;
		};
/* End PBXContainerItemProxy section */

/* Begin PBXCopyFilesBuildPhase section */
		F9786CAE1F550C5F002EBB53 /* Carthage dSYMs */ = {
			isa = PBXCopyFilesBuildPhase;
			buildActionMask = 2147483647;
			dstPath = "";
			dstSubfolderSpec = 16;
			files = (
				F9786CB01F550C7E002EBB53 /* CSV.framework.dSYM in Carthage dSYMs */,
				F97ED1F91F5CBC55009BAD44 /* SwiftBeanCountModel.framework.dSYM in Carthage dSYMs */,
			);
			name = "Carthage dSYMs";
			runOnlyForDeploymentPostprocessing = 0;
		};
		F9C438821F550C11004732E2 /* Embed Frameworks */ = {
			isa = PBXCopyFilesBuildPhase;
			buildActionMask = 2147483647;
			dstPath = "";
			dstSubfolderSpec = 10;
			files = (
				F9093123202FF4BB00166FB9 /* SwiftBeanCountParser.framework in Embed Frameworks */,
				F9DD92C11F5CBBD500738DEA /* SwiftBeanCountModel.framework in Embed Frameworks */,
				F9C438811F550C11004732E2 /* CSV.framework in Embed Frameworks */,
			);
			name = "Embed Frameworks";
			runOnlyForDeploymentPostprocessing = 0;
		};
/* End PBXCopyFilesBuildPhase section */

/* Begin PBXFileReference section */
		F909311A202FE9A500166FB9 /* AccountComboBoxDataSource.swift */ = {isa = PBXFileReference; lastKnownFileType = sourcecode.swift; path = AccountComboBoxDataSource.swift; sourceTree = "<group>"; };
		F909311C202FF1F000166FB9 /* PayeeComboBoxDataSource.swift */ = {isa = PBXFileReference; lastKnownFileType = sourcecode.swift; path = PayeeComboBoxDataSource.swift; sourceTree = "<group>"; };
		F909311E202FF4B300166FB9 /* SwiftBeanCountParser.framework.dSYM */ = {isa = PBXFileReference; lastKnownFileType = wrapper.dsym; name = SwiftBeanCountParser.framework.dSYM; path = Carthage/Build/Mac/SwiftBeanCountParser.framework.dSYM; sourceTree = "<group>"; };
		F909311F202FF4B300166FB9 /* SwiftBeanCountParser.framework */ = {isa = PBXFileReference; lastKnownFileType = wrapper.framework; name = SwiftBeanCountParser.framework; path = Carthage/Build/Mac/SwiftBeanCountParser.framework; sourceTree = "<group>"; };
		F90DBD8220969AD5002CC310 /* ImportedTransaction.swift */ = {isa = PBXFileReference; lastKnownFileType = sourcecode.swift; path = ImportedTransaction.swift; sourceTree = "<group>"; };
		F91C986B1F5CBC01008BAB11 /* SwiftBeanCountModel.framework.dSYM */ = {isa = PBXFileReference; lastKnownFileType = wrapper.dsym; name = SwiftBeanCountModel.framework.dSYM; path = Carthage/Build/Mac/SwiftBeanCountModel.framework.dSYM; sourceTree = "<group>"; };
		F93C20211F5D1D7900372960 /* LunchOnUsImporter.swift */ = {isa = PBXFileReference; lastKnownFileType = sourcecode.swift; path = LunchOnUsImporter.swift; sourceTree = "<group>"; };
		F949EAAC23A7FA61003643AC /* RogersImporter.swift */ = {isa = PBXFileReference; lastKnownFileType = sourcecode.swift; path = RogersImporter.swift; sourceTree = "<group>"; };
		F9786CAF1F550C77002EBB53 /* CSV.framework.dSYM */ = {isa = PBXFileReference; lastKnownFileType = wrapper.dsym; name = CSV.framework.dSYM; path = Carthage/Build/Mac/CSV.framework.dSYM; sourceTree = "<group>"; };
		F97ED1FC1F5CEEE1009BAD44 /* ImportViewController.swift */ = {isa = PBXFileReference; lastKnownFileType = sourcecode.swift; path = ImportViewController.swift; sourceTree = "<group>"; };
		F98AD0F61F551D2300CC02DA /* CSVImporter.swift */ = {isa = PBXFileReference; lastKnownFileType = sourcecode.swift; path = CSVImporter.swift; sourceTree = "<group>"; };
		F98AD0F81F55211900CC02DA /* RBCImporter.swift */ = {isa = PBXFileReference; lastKnownFileType = sourcecode.swift; path = RBCImporter.swift; sourceTree = "<group>"; };
		F98AD0FA1F55213300CC02DA /* TangerineImporter.swift */ = {isa = PBXFileReference; lastKnownFileType = sourcecode.swift; path = TangerineImporter.swift; sourceTree = "<group>"; };
		F98E4AF72025911B00924AD4 /* DataEntryViewController.swift */ = {isa = PBXFileReference; lastKnownFileType = sourcecode.swift; path = DataEntryViewController.swift; sourceTree = "<group>"; };
		F995061B23B102E700777D71 /* SimpliiImporter.swift */ = {isa = PBXFileReference; lastKnownFileType = sourcecode.swift; path = SimpliiImporter.swift; sourceTree = "<group>"; };
		F995061D23B11E8300777D71 /* DuplicateTransactionViewController.swift */ = {isa = PBXFileReference; lastKnownFileType = sourcecode.swift; path = DuplicateTransactionViewController.swift; sourceTree = "<group>"; };
		F9B9E14D2324D4D200811B3F /* TextEntryViewController.swift */ = {isa = PBXFileReference; lastKnownFileType = sourcecode.swift; path = TextEntryViewController.swift; sourceTree = "<group>"; };
		F9B9E14F2325C96100811B3F /* ManuLifeImporter.swift */ = {isa = PBXFileReference; lastKnownFileType = sourcecode.swift; path = ManuLifeImporter.swift; sourceTree = "<group>"; };
		F9C438511F550AB5004732E2 /* BeanCountImporter.app */ = {isa = PBXFileReference; explicitFileType = wrapper.application; includeInIndex = 0; path = BeanCountImporter.app; sourceTree = BUILT_PRODUCTS_DIR; };
		F9C438541F550AB5004732E2 /* AppDelegate.swift */ = {isa = PBXFileReference; lastKnownFileType = sourcecode.swift; path = AppDelegate.swift; sourceTree = "<group>"; };
		F9C438561F550AB5004732E2 /* SelectorViewController.swift */ = {isa = PBXFileReference; lastKnownFileType = sourcecode.swift; path = SelectorViewController.swift; sourceTree = "<group>"; };
		F9C438581F550AB5004732E2 /* Assets.xcassets */ = {isa = PBXFileReference; lastKnownFileType = folder.assetcatalog; path = Assets.xcassets; sourceTree = "<group>"; };
		F9C4385B1F550AB5004732E2 /* Base */ = {isa = PBXFileReference; lastKnownFileType = file.storyboard; name = Base; path = Base.lproj/Main.storyboard; sourceTree = "<group>"; };
		F9C4385D1F550AB5004732E2 /* Info.plist */ = {isa = PBXFileReference; lastKnownFileType = text.plist.xml; path = Info.plist; sourceTree = "<group>"; };
		F9C438621F550AB5004732E2 /* BeanCountImporterTests.xctest */ = {isa = PBXFileReference; explicitFileType = wrapper.cfbundle; includeInIndex = 0; path = BeanCountImporterTests.xctest; sourceTree = BUILT_PRODUCTS_DIR; };
		F9C438661F550AB5004732E2 /* BeanCountImporterTests.swift */ = {isa = PBXFileReference; lastKnownFileType = sourcecode.swift; path = BeanCountImporterTests.swift; sourceTree = "<group>"; };
		F9C438681F550AB5004732E2 /* Info.plist */ = {isa = PBXFileReference; lastKnownFileType = text.plist.xml; path = Info.plist; sourceTree = "<group>"; };
		F9C4386D1F550AB5004732E2 /* BeanCountImporterUITests.xctest */ = {isa = PBXFileReference; explicitFileType = wrapper.cfbundle; includeInIndex = 0; path = BeanCountImporterUITests.xctest; sourceTree = BUILT_PRODUCTS_DIR; };
		F9C438711F550AB5004732E2 /* BeanCountImporterUITests.swift */ = {isa = PBXFileReference; lastKnownFileType = sourcecode.swift; path = BeanCountImporterUITests.swift; sourceTree = "<group>"; };
		F9C438731F550AB5004732E2 /* Info.plist */ = {isa = PBXFileReference; lastKnownFileType = text.plist.xml; path = Info.plist; sourceTree = "<group>"; };
		F9C4387F1F550C11004732E2 /* CSV.framework */ = {isa = PBXFileReference; lastKnownFileType = wrapper.framework; name = CSV.framework; path = Carthage/Build/Mac/CSV.framework; sourceTree = "<group>"; };
		F9DD662B23614C7300908BE2 /* N26Importer.swift */ = {isa = PBXFileReference; fileEncoding = 4; lastKnownFileType = sourcecode.swift; path = N26Importer.swift; sourceTree = "<group>"; };
		F9DD92BF1F5CBBD400738DEA /* SwiftBeanCountModel.framework */ = {isa = PBXFileReference; lastKnownFileType = wrapper.framework; name = SwiftBeanCountModel.framework; path = Carthage/Build/Mac/SwiftBeanCountModel.framework; sourceTree = "<group>"; };
/* End PBXFileReference section */

/* Begin PBXFrameworksBuildPhase section */
		F9C4384E1F550AB5004732E2 /* Frameworks */ = {
			isa = PBXFrameworksBuildPhase;
			buildActionMask = 2147483647;
			files = (
				F9DD92C01F5CBBD500738DEA /* SwiftBeanCountModel.framework in Frameworks */,
				F9C438801F550C11004732E2 /* CSV.framework in Frameworks */,
				F9093122202FF4BB00166FB9 /* SwiftBeanCountParser.framework in Frameworks */,
			);
			runOnlyForDeploymentPostprocessing = 0;
		};
		F9C4385F1F550AB5004732E2 /* Frameworks */ = {
			isa = PBXFrameworksBuildPhase;
			buildActionMask = 2147483647;
			files = (
			);
			runOnlyForDeploymentPostprocessing = 0;
		};
		F9C4386A1F550AB5004732E2 /* Frameworks */ = {
			isa = PBXFrameworksBuildPhase;
			buildActionMask = 2147483647;
			files = (
			);
			runOnlyForDeploymentPostprocessing = 0;
		};
/* End PBXFrameworksBuildPhase section */

/* Begin PBXGroup section */
		F9093119202FE98900166FB9 /* DataSource */ = {
			isa = PBXGroup;
			children = (
				F909311A202FE9A500166FB9 /* AccountComboBoxDataSource.swift */,
				F909311C202FF1F000166FB9 /* PayeeComboBoxDataSource.swift */,
			);
			path = DataSource;
			sourceTree = "<group>";
		};
		F9786CB11F550CA5002EBB53 /* Supporting Files */ = {
			isa = PBXGroup;
			children = (
				F9C438581F550AB5004732E2 /* Assets.xcassets */,
				F9C4385D1F550AB5004732E2 /* Info.plist */,
			);
			path = "Supporting Files";
			sourceTree = "<group>";
		};
		F98AD0FC1F552C7300CC02DA /* Views */ = {
			isa = PBXGroup;
			children = (
				F9C4385A1F550AB5004732E2 /* Main.storyboard */,
			);
			path = Views;
			sourceTree = "<group>";
		};
		F98AD0FD1F552C8000CC02DA /* Controller */ = {
			isa = PBXGroup;
			children = (
				F9C438561F550AB5004732E2 /* SelectorViewController.swift */,
				F97ED1FC1F5CEEE1009BAD44 /* ImportViewController.swift */,
				F98E4AF72025911B00924AD4 /* DataEntryViewController.swift */,
				F9B9E14D2324D4D200811B3F /* TextEntryViewController.swift */,
				F995061D23B11E8300777D71 /* DuplicateTransactionViewController.swift */,
			);
			path = Controller;
			sourceTree = "<group>";
		};
		F98AD0FE1F552C8E00CC02DA /* Model */ = {
			isa = PBXGroup;
			children = (
				F995061A23B1020500777D71 /* Importer */,
				F98AD0F61F551D2300CC02DA /* CSVImporter.swift */,
				F90DBD8220969AD5002CC310 /* ImportedTransaction.swift */,
			);
			path = Model;
			sourceTree = "<group>";
		};
		F995061A23B1020500777D71 /* Importer */ = {
			isa = PBXGroup;
			children = (
				F98AD0F81F55211900CC02DA /* RBCImporter.swift */,
				F9DD662B23614C7300908BE2 /* N26Importer.swift */,
				F98AD0FA1F55213300CC02DA /* TangerineImporter.swift */,
				F93C20211F5D1D7900372960 /* LunchOnUsImporter.swift */,
				F9B9E14F2325C96100811B3F /* ManuLifeImporter.swift */,
				F949EAAC23A7FA61003643AC /* RogersImporter.swift */,
				F995061B23B102E700777D71 /* SimpliiImporter.swift */,
			);
			path = Importer;
			sourceTree = "<group>";
		};
		F9C438481F550AB5004732E2 = {
			isa = PBXGroup;
			children = (
				F9C438531F550AB5004732E2 /* BeanCountImporter */,
				F9C438651F550AB5004732E2 /* BeanCountImporterTests */,
				F9C438701F550AB5004732E2 /* BeanCountImporterUITests */,
				F9C438831F550C18004732E2 /* Frameworks */,
				F9C438521F550AB5004732E2 /* Products */,
			);
			sourceTree = "<group>";
		};
		F9C438521F550AB5004732E2 /* Products */ = {
			isa = PBXGroup;
			children = (
				F9C438511F550AB5004732E2 /* BeanCountImporter.app */,
				F9C438621F550AB5004732E2 /* BeanCountImporterTests.xctest */,
				F9C4386D1F550AB5004732E2 /* BeanCountImporterUITests.xctest */,
			);
			name = Products;
			sourceTree = "<group>";
		};
		F9C438531F550AB5004732E2 /* BeanCountImporter */ = {
			isa = PBXGroup;
			children = (
				F9C438541F550AB5004732E2 /* AppDelegate.swift */,
				F98AD0FE1F552C8E00CC02DA /* Model */,
				F98AD0FD1F552C8000CC02DA /* Controller */,
				F9093119202FE98900166FB9 /* DataSource */,
				F98AD0FC1F552C7300CC02DA /* Views */,
				F9786CB11F550CA5002EBB53 /* Supporting Files */,
			);
			path = BeanCountImporter;
			sourceTree = "<group>";
		};
		F9C438651F550AB5004732E2 /* BeanCountImporterTests */ = {
			isa = PBXGroup;
			children = (
				F9C438661F550AB5004732E2 /* BeanCountImporterTests.swift */,
				F9C438681F550AB5004732E2 /* Info.plist */,
			);
			path = BeanCountImporterTests;
			sourceTree = "<group>";
		};
		F9C438701F550AB5004732E2 /* BeanCountImporterUITests */ = {
			isa = PBXGroup;
			children = (
				F9C438711F550AB5004732E2 /* BeanCountImporterUITests.swift */,
				F9C438731F550AB5004732E2 /* Info.plist */,
			);
			path = BeanCountImporterUITests;
			sourceTree = "<group>";
		};
		F9C438831F550C18004732E2 /* Frameworks */ = {
			isa = PBXGroup;
			children = (
				F909311F202FF4B300166FB9 /* SwiftBeanCountParser.framework */,
				F909311E202FF4B300166FB9 /* SwiftBeanCountParser.framework.dSYM */,
				F9DD92BF1F5CBBD400738DEA /* SwiftBeanCountModel.framework */,
				F91C986B1F5CBC01008BAB11 /* SwiftBeanCountModel.framework.dSYM */,
				F9C4387F1F550C11004732E2 /* CSV.framework */,
				F9786CAF1F550C77002EBB53 /* CSV.framework.dSYM */,
			);
			name = Frameworks;
			sourceTree = "<group>";
		};
/* End PBXGroup section */

/* Begin PBXNativeTarget section */
		F9C438501F550AB5004732E2 /* BeanCountImporter */ = {
			isa = PBXNativeTarget;
			buildConfigurationList = F9C438761F550AB5004732E2 /* Build configuration list for PBXNativeTarget "BeanCountImporter" */;
			buildPhases = (
				F9786CB21F550CD1002EBB53 /* SwiftLint */,
				F9C4384D1F550AB5004732E2 /* Sources */,
				F9C4384E1F550AB5004732E2 /* Frameworks */,
				F9C4384F1F550AB5004732E2 /* Resources */,
				F9C438821F550C11004732E2 /* Embed Frameworks */,
				F9786CAE1F550C5F002EBB53 /* Carthage dSYMs */,
			);
			buildRules = (
			);
			dependencies = (
			);
			name = BeanCountImporter;
			productName = BeanCountImporter;
			productReference = F9C438511F550AB5004732E2 /* BeanCountImporter.app */;
			productType = "com.apple.product-type.application";
		};
		F9C438611F550AB5004732E2 /* BeanCountImporterTests */ = {
			isa = PBXNativeTarget;
			buildConfigurationList = F9C438791F550AB5004732E2 /* Build configuration list for PBXNativeTarget "BeanCountImporterTests" */;
			buildPhases = (
				F9C4385E1F550AB5004732E2 /* Sources */,
				F9C4385F1F550AB5004732E2 /* Frameworks */,
				F9C438601F550AB5004732E2 /* Resources */,
			);
			buildRules = (
			);
			dependencies = (
				F9C438641F550AB5004732E2 /* PBXTargetDependency */,
			);
			name = BeanCountImporterTests;
			productName = BeanCountImporterTests;
			productReference = F9C438621F550AB5004732E2 /* BeanCountImporterTests.xctest */;
			productType = "com.apple.product-type.bundle.unit-test";
		};
		F9C4386C1F550AB5004732E2 /* BeanCountImporterUITests */ = {
			isa = PBXNativeTarget;
			buildConfigurationList = F9C4387C1F550AB5004732E2 /* Build configuration list for PBXNativeTarget "BeanCountImporterUITests" */;
			buildPhases = (
				F9C438691F550AB5004732E2 /* Sources */,
				F9C4386A1F550AB5004732E2 /* Frameworks */,
				F9C4386B1F550AB5004732E2 /* Resources */,
			);
			buildRules = (
			);
			dependencies = (
				F9C4386F1F550AB5004732E2 /* PBXTargetDependency */,
			);
			name = BeanCountImporterUITests;
			productName = BeanCountImporterUITests;
			productReference = F9C4386D1F550AB5004732E2 /* BeanCountImporterUITests.xctest */;
			productType = "com.apple.product-type.bundle.ui-testing";
		};
/* End PBXNativeTarget section */

/* Begin PBXProject section */
		F9C438491F550AB5004732E2 /* Project object */ = {
			isa = PBXProject;
			attributes = {
				LastSwiftUpdateCheck = 0830;
				LastUpgradeCheck = 1030;
				ORGANIZATIONNAME = "Steffen Kötte";
				TargetAttributes = {
					F9C438501F550AB5004732E2 = {
						CreatedOnToolsVersion = 8.3.3;
						LastSwiftMigration = 0900;
						ProvisioningStyle = Automatic;
					};
					F9C438611F550AB5004732E2 = {
						CreatedOnToolsVersion = 8.3.3;
						DevelopmentTeam = D99VYUJN25;
						LastSwiftMigration = 0900;
						ProvisioningStyle = Automatic;
						TestTargetID = F9C438501F550AB5004732E2;
					};
					F9C4386C1F550AB5004732E2 = {
						CreatedOnToolsVersion = 8.3.3;
						DevelopmentTeam = D99VYUJN25;
						LastSwiftMigration = 0900;
						ProvisioningStyle = Automatic;
						TestTargetID = F9C438501F550AB5004732E2;
					};
				};
			};
			buildConfigurationList = F9C4384C1F550AB5004732E2 /* Build configuration list for PBXProject "BeanCountImporter" */;
			compatibilityVersion = "Xcode 3.2";
			developmentRegion = en;
			hasScannedForEncodings = 0;
			knownRegions = (
				en,
				Base,
			);
			mainGroup = F9C438481F550AB5004732E2;
			productRefGroup = F9C438521F550AB5004732E2 /* Products */;
			projectDirPath = "";
			projectRoot = "";
			targets = (
				F9C438501F550AB5004732E2 /* BeanCountImporter */,
				F9C438611F550AB5004732E2 /* BeanCountImporterTests */,
				F9C4386C1F550AB5004732E2 /* BeanCountImporterUITests */,
			);
		};
/* End PBXProject section */

/* Begin PBXResourcesBuildPhase section */
		F9C4384F1F550AB5004732E2 /* Resources */ = {
			isa = PBXResourcesBuildPhase;
			buildActionMask = 2147483647;
			files = (
				F9C438591F550AB5004732E2 /* Assets.xcassets in Resources */,
				F91C986C1F5CBC01008BAB11 /* SwiftBeanCountModel.framework.dSYM in Resources */,
				F9C4385C1F550AB5004732E2 /* Main.storyboard in Resources */,
				F9093120202FF4B300166FB9 /* SwiftBeanCountParser.framework.dSYM in Resources */,
			);
			runOnlyForDeploymentPostprocessing = 0;
		};
		F9C438601F550AB5004732E2 /* Resources */ = {
			isa = PBXResourcesBuildPhase;
			buildActionMask = 2147483647;
			files = (
			);
			runOnlyForDeploymentPostprocessing = 0;
		};
		F9C4386B1F550AB5004732E2 /* Resources */ = {
			isa = PBXResourcesBuildPhase;
			buildActionMask = 2147483647;
			files = (
			);
			runOnlyForDeploymentPostprocessing = 0;
		};
/* End PBXResourcesBuildPhase section */

/* Begin PBXShellScriptBuildPhase section */
		F9786CB21F550CD1002EBB53 /* SwiftLint */ = {
			isa = PBXShellScriptBuildPhase;
			buildActionMask = 2147483647;
			files = (
			);
			inputPaths = (
			);
			name = SwiftLint;
			outputPaths = (
			);
			runOnlyForDeploymentPostprocessing = 0;
			shellPath = /bin/sh;
			shellScript = "if which swiftlint >/dev/null; then\n  swiftlint\nelse\n  echo \"warning: SwiftLint not installed, download from https://github.com/realm/SwiftLint\"\nfi";
		};
/* End PBXShellScriptBuildPhase section */

/* Begin PBXSourcesBuildPhase section */
		F9C4384D1F550AB5004732E2 /* Sources */ = {
			isa = PBXSourcesBuildPhase;
			buildActionMask = 2147483647;
			files = (
				F9C438571F550AB5004732E2 /* SelectorViewController.swift in Sources */,
				F90DBD8320969AD5002CC310 /* ImportedTransaction.swift in Sources */,
				F9B9E14E2324D4D200811B3F /* TextEntryViewController.swift in Sources */,
				F909311B202FE9A500166FB9 /* AccountComboBoxDataSource.swift in Sources */,
				F9DD662C23614C7300908BE2 /* N26Importer.swift in Sources */,
				F98AD0F91F55211900CC02DA /* RBCImporter.swift in Sources */,
				F9C438551F550AB5004732E2 /* AppDelegate.swift in Sources */,
				F995061E23B11E8300777D71 /* DuplicateTransactionViewController.swift in Sources */,
				F949EAAD23A7FA61003643AC /* RogersImporter.swift in Sources */,
				F98E4AF82025911B00924AD4 /* DataEntryViewController.swift in Sources */,
				F995061C23B102E700777D71 /* SimpliiImporter.swift in Sources */,
				F93C20221F5D1D7900372960 /* LunchOnUsImporter.swift in Sources */,
				F909311D202FF1F000166FB9 /* PayeeComboBoxDataSource.swift in Sources */,
				F97ED1FD1F5CEEE1009BAD44 /* ImportViewController.swift in Sources */,
				F98AD0FB1F55213300CC02DA /* TangerineImporter.swift in Sources */,
				F9B9E1502325C96100811B3F /* ManuLifeImporter.swift in Sources */,
				F98AD0F71F551D2300CC02DA /* CSVImporter.swift in Sources */,
			);
			runOnlyForDeploymentPostprocessing = 0;
		};
		F9C4385E1F550AB5004732E2 /* Sources */ = {
			isa = PBXSourcesBuildPhase;
			buildActionMask = 2147483647;
			files = (
				F9C438671F550AB5004732E2 /* BeanCountImporterTests.swift in Sources */,
			);
			runOnlyForDeploymentPostprocessing = 0;
		};
		F9C438691F550AB5004732E2 /* Sources */ = {
			isa = PBXSourcesBuildPhase;
			buildActionMask = 2147483647;
			files = (
				F9C438721F550AB5004732E2 /* BeanCountImporterUITests.swift in Sources */,
			);
			runOnlyForDeploymentPostprocessing = 0;
		};
/* End PBXSourcesBuildPhase section */

/* Begin PBXTargetDependency section */
		F9C438641F550AB5004732E2 /* PBXTargetDependency */ = {
			isa = PBXTargetDependency;
			target = F9C438501F550AB5004732E2 /* BeanCountImporter */;
			targetProxy = F9C438631F550AB5004732E2 /* PBXContainerItemProxy */;
		};
		F9C4386F1F550AB5004732E2 /* PBXTargetDependency */ = {
			isa = PBXTargetDependency;
			target = F9C438501F550AB5004732E2 /* BeanCountImporter */;
			targetProxy = F9C4386E1F550AB5004732E2 /* PBXContainerItemProxy */;
		};
/* End PBXTargetDependency section */

/* Begin PBXVariantGroup section */
		F9C4385A1F550AB5004732E2 /* Main.storyboard */ = {
			isa = PBXVariantGroup;
			children = (
				F9C4385B1F550AB5004732E2 /* Base */,
			);
			name = Main.storyboard;
			sourceTree = "<group>";
		};
/* End PBXVariantGroup section */

/* Begin XCBuildConfiguration section */
		F9C438741F550AB5004732E2 /* Debug */ = {
			isa = XCBuildConfiguration;
			buildSettings = {
				ALWAYS_SEARCH_USER_PATHS = NO;
				CLANG_ANALYZER_LOCALIZABILITY_NONLOCALIZED = YES;
				CLANG_ANALYZER_NONNULL = YES;
				CLANG_ANALYZER_NUMBER_OBJECT_CONVERSION = YES_AGGRESSIVE;
				CLANG_CXX_LANGUAGE_STANDARD = "gnu++0x";
				CLANG_CXX_LIBRARY = "libc++";
				CLANG_ENABLE_MODULES = YES;
				CLANG_ENABLE_OBJC_ARC = YES;
				CLANG_WARN_BLOCK_CAPTURE_AUTORELEASING = YES;
				CLANG_WARN_BOOL_CONVERSION = YES;
				CLANG_WARN_COMMA = YES;
				CLANG_WARN_CONSTANT_CONVERSION = YES;
				CLANG_WARN_DEPRECATED_OBJC_IMPLEMENTATIONS = YES;
				CLANG_WARN_DIRECT_OBJC_ISA_USAGE = YES_ERROR;
				CLANG_WARN_DOCUMENTATION_COMMENTS = YES;
				CLANG_WARN_EMPTY_BODY = YES;
				CLANG_WARN_ENUM_CONVERSION = YES;
				CLANG_WARN_INFINITE_RECURSION = YES;
				CLANG_WARN_INT_CONVERSION = YES;
				CLANG_WARN_NON_LITERAL_NULL_CONVERSION = YES;
				CLANG_WARN_OBJC_IMPLICIT_RETAIN_SELF = YES;
				CLANG_WARN_OBJC_LITERAL_CONVERSION = YES;
				CLANG_WARN_OBJC_ROOT_CLASS = YES_ERROR;
				CLANG_WARN_RANGE_LOOP_ANALYSIS = YES;
				CLANG_WARN_STRICT_PROTOTYPES = YES;
				CLANG_WARN_SUSPICIOUS_MOVE = YES;
				CLANG_WARN_UNREACHABLE_CODE = YES;
				CLANG_WARN__DUPLICATE_METHOD_MATCH = YES;
				CODE_SIGN_IDENTITY = "-";
				COPY_PHASE_STRIP = NO;
				DEBUG_INFORMATION_FORMAT = dwarf;
				ENABLE_STRICT_OBJC_MSGSEND = YES;
				ENABLE_TESTABILITY = YES;
				GCC_C_LANGUAGE_STANDARD = gnu99;
				GCC_DYNAMIC_NO_PIC = NO;
				GCC_NO_COMMON_BLOCKS = YES;
				GCC_OPTIMIZATION_LEVEL = 0;
				GCC_PREPROCESSOR_DEFINITIONS = (
					"DEBUG=1",
					"$(inherited)",
				);
				GCC_WARN_64_TO_32_BIT_CONVERSION = YES;
				GCC_WARN_ABOUT_RETURN_TYPE = YES_ERROR;
				GCC_WARN_UNDECLARED_SELECTOR = YES;
				GCC_WARN_UNINITIALIZED_AUTOS = YES_AGGRESSIVE;
				GCC_WARN_UNUSED_FUNCTION = YES;
				GCC_WARN_UNUSED_VARIABLE = YES;
				MACOSX_DEPLOYMENT_TARGET = 10.12;
				MTL_ENABLE_DEBUG_INFO = YES;
				ONLY_ACTIVE_ARCH = YES;
				SDKROOT = macosx;
				SWIFT_ACTIVE_COMPILATION_CONDITIONS = DEBUG;
				SWIFT_OPTIMIZATION_LEVEL = "-Onone";
			};
			name = Debug;
		};
		F9C438751F550AB5004732E2 /* Release */ = {
			isa = XCBuildConfiguration;
			buildSettings = {
				ALWAYS_SEARCH_USER_PATHS = NO;
				CLANG_ANALYZER_LOCALIZABILITY_NONLOCALIZED = YES;
				CLANG_ANALYZER_NONNULL = YES;
				CLANG_ANALYZER_NUMBER_OBJECT_CONVERSION = YES_AGGRESSIVE;
				CLANG_CXX_LANGUAGE_STANDARD = "gnu++0x";
				CLANG_CXX_LIBRARY = "libc++";
				CLANG_ENABLE_MODULES = YES;
				CLANG_ENABLE_OBJC_ARC = YES;
				CLANG_WARN_BLOCK_CAPTURE_AUTORELEASING = YES;
				CLANG_WARN_BOOL_CONVERSION = YES;
				CLANG_WARN_COMMA = YES;
				CLANG_WARN_CONSTANT_CONVERSION = YES;
				CLANG_WARN_DEPRECATED_OBJC_IMPLEMENTATIONS = YES;
				CLANG_WARN_DIRECT_OBJC_ISA_USAGE = YES_ERROR;
				CLANG_WARN_DOCUMENTATION_COMMENTS = YES;
				CLANG_WARN_EMPTY_BODY = YES;
				CLANG_WARN_ENUM_CONVERSION = YES;
				CLANG_WARN_INFINITE_RECURSION = YES;
				CLANG_WARN_INT_CONVERSION = YES;
				CLANG_WARN_NON_LITERAL_NULL_CONVERSION = YES;
				CLANG_WARN_OBJC_IMPLICIT_RETAIN_SELF = YES;
				CLANG_WARN_OBJC_LITERAL_CONVERSION = YES;
				CLANG_WARN_OBJC_ROOT_CLASS = YES_ERROR;
				CLANG_WARN_RANGE_LOOP_ANALYSIS = YES;
				CLANG_WARN_STRICT_PROTOTYPES = YES;
				CLANG_WARN_SUSPICIOUS_MOVE = YES;
				CLANG_WARN_UNREACHABLE_CODE = YES;
				CLANG_WARN__DUPLICATE_METHOD_MATCH = YES;
				CODE_SIGN_IDENTITY = "-";
				COPY_PHASE_STRIP = NO;
				DEBUG_INFORMATION_FORMAT = "dwarf-with-dsym";
				ENABLE_NS_ASSERTIONS = NO;
				ENABLE_STRICT_OBJC_MSGSEND = YES;
				GCC_C_LANGUAGE_STANDARD = gnu99;
				GCC_NO_COMMON_BLOCKS = YES;
				GCC_WARN_64_TO_32_BIT_CONVERSION = YES;
				GCC_WARN_ABOUT_RETURN_TYPE = YES_ERROR;
				GCC_WARN_UNDECLARED_SELECTOR = YES;
				GCC_WARN_UNINITIALIZED_AUTOS = YES_AGGRESSIVE;
				GCC_WARN_UNUSED_FUNCTION = YES;
				GCC_WARN_UNUSED_VARIABLE = YES;
				MACOSX_DEPLOYMENT_TARGET = 10.12;
				MTL_ENABLE_DEBUG_INFO = NO;
				SDKROOT = macosx;
				SWIFT_OPTIMIZATION_LEVEL = "-Owholemodule";
			};
			name = Release;
		};
		F9C438771F550AB5004732E2 /* Debug */ = {
			isa = XCBuildConfiguration;
			buildSettings = {
				ASSETCATALOG_COMPILER_APPICON_NAME = AppIcon;
				CODE_SIGN_IDENTITY = "";
				CODE_SIGN_STYLE = Automatic;
				COMBINE_HIDPI_IMAGES = YES;
				DEVELOPMENT_TEAM = "";
				FRAMEWORK_SEARCH_PATHS = (
					"$(inherited)",
					"$(PROJECT_DIR)/Carthage/Build/Mac",
				);
				INFOPLIST_FILE = "$(SRCROOT)/BeanCountImporter/Supporting Files/Info.plist";
				LD_RUNPATH_SEARCH_PATHS = "$(inherited) @executable_path/../Frameworks";
				PRODUCT_BUNDLE_IDENTIFIER = de.steffenkoette.BeanCountImporter.BeanCountImporter;
				PRODUCT_NAME = "$(TARGET_NAME)";
				PROVISIONING_PROFILE_SPECIFIER = "";
				SWIFT_SWIFT3_OBJC_INFERENCE = Default;
				SWIFT_VERSION = 5.0;
			};
			name = Debug;
		};
		F9C438781F550AB5004732E2 /* Release */ = {
			isa = XCBuildConfiguration;
			buildSettings = {
				ASSETCATALOG_COMPILER_APPICON_NAME = AppIcon;
				CODE_SIGN_IDENTITY = "";
				CODE_SIGN_STYLE = Automatic;
				COMBINE_HIDPI_IMAGES = YES;
				DEVELOPMENT_TEAM = "";
				FRAMEWORK_SEARCH_PATHS = (
					"$(inherited)",
					"$(PROJECT_DIR)/Carthage/Build/Mac",
				);
				INFOPLIST_FILE = "$(SRCROOT)/BeanCountImporter/Supporting Files/Info.plist";
				LD_RUNPATH_SEARCH_PATHS = "$(inherited) @executable_path/../Frameworks";
				PRODUCT_BUNDLE_IDENTIFIER = de.steffenkoette.BeanCountImporter.BeanCountImporter;
				PRODUCT_NAME = "$(TARGET_NAME)";
				PROVISIONING_PROFILE_SPECIFIER = "";
				SWIFT_SWIFT3_OBJC_INFERENCE = Default;
				SWIFT_VERSION = 5.0;
			};
			name = Release;
		};
		F9C4387A1F550AB5004732E2 /* Debug */ = {
			isa = XCBuildConfiguration;
			buildSettings = {
				ALWAYS_EMBED_SWIFT_STANDARD_LIBRARIES = YES;
				BUNDLE_LOADER = "$(TEST_HOST)";
				CODE_SIGN_IDENTITY = "";
				COMBINE_HIDPI_IMAGES = YES;
				DEVELOPMENT_TEAM = "";
				INFOPLIST_FILE = BeanCountImporterTests/Info.plist;
				LD_RUNPATH_SEARCH_PATHS = "$(inherited) @executable_path/../Frameworks @loader_path/../Frameworks";
				PRODUCT_BUNDLE_IDENTIFIER = de.steffenkoette.BeanCountImporter.BeanCountImporterTests;
				PRODUCT_NAME = "$(TARGET_NAME)";
				SWIFT_SWIFT3_OBJC_INFERENCE = Default;
				SWIFT_VERSION = 5.0;
				TEST_HOST = "$(BUILT_PRODUCTS_DIR)/BeanCountImporter.app/Contents/MacOS/BeanCountImporter";
			};
			name = Debug;
		};
		F9C4387B1F550AB5004732E2 /* Release */ = {
			isa = XCBuildConfiguration;
			buildSettings = {
				ALWAYS_EMBED_SWIFT_STANDARD_LIBRARIES = YES;
				BUNDLE_LOADER = "$(TEST_HOST)";
				CODE_SIGN_IDENTITY = "";
				COMBINE_HIDPI_IMAGES = YES;
				DEVELOPMENT_TEAM = "";
				INFOPLIST_FILE = BeanCountImporterTests/Info.plist;
				LD_RUNPATH_SEARCH_PATHS = "$(inherited) @executable_path/../Frameworks @loader_path/../Frameworks";
				PRODUCT_BUNDLE_IDENTIFIER = de.steffenkoette.BeanCountImporter.BeanCountImporterTests;
				PRODUCT_NAME = "$(TARGET_NAME)";
				SWIFT_SWIFT3_OBJC_INFERENCE = Default;
				SWIFT_VERSION = 5.0;
				TEST_HOST = "$(BUILT_PRODUCTS_DIR)/BeanCountImporter.app/Contents/MacOS/BeanCountImporter";
			};
			name = Release;
		};
		F9C4387D1F550AB5004732E2 /* Debug */ = {
			isa = XCBuildConfiguration;
			buildSettings = {
				ALWAYS_EMBED_SWIFT_STANDARD_LIBRARIES = YES;
				CODE_SIGN_IDENTITY = "";
				COMBINE_HIDPI_IMAGES = YES;
				DEVELOPMENT_TEAM = "";
				INFOPLIST_FILE = BeanCountImporterUITests/Info.plist;
				LD_RUNPATH_SEARCH_PATHS = "$(inherited) @executable_path/../Frameworks @loader_path/../Frameworks";
				PRODUCT_BUNDLE_IDENTIFIER = de.steffenkoette.BeanCountImporter.BeanCountImporterUITests;
				PRODUCT_NAME = "$(TARGET_NAME)";
				SWIFT_SWIFT3_OBJC_INFERENCE = Default;
				SWIFT_VERSION = 5.0;
				TEST_TARGET_NAME = BeanCountImporter;
			};
			name = Debug;
		};
		F9C4387E1F550AB5004732E2 /* Release */ = {
			isa = XCBuildConfiguration;
			buildSettings = {
				ALWAYS_EMBED_SWIFT_STANDARD_LIBRARIES = YES;
				CODE_SIGN_IDENTITY = "";
				COMBINE_HIDPI_IMAGES = YES;
				DEVELOPMENT_TEAM = "";
				INFOPLIST_FILE = BeanCountImporterUITests/Info.plist;
				LD_RUNPATH_SEARCH_PATHS = "$(inherited) @executable_path/../Frameworks @loader_path/../Frameworks";
				PRODUCT_BUNDLE_IDENTIFIER = de.steffenkoette.BeanCountImporter.BeanCountImporterUITests;
				PRODUCT_NAME = "$(TARGET_NAME)";
				SWIFT_SWIFT3_OBJC_INFERENCE = Default;
				SWIFT_VERSION = 5.0;
				TEST_TARGET_NAME = BeanCountImporter;
			};
			name = Release;
		};
/* End XCBuildConfiguration section */

/* Begin XCConfigurationList section */
		F9C4384C1F550AB5004732E2 /* Build configuration list for PBXProject "BeanCountImporter" */ = {
			isa = XCConfigurationList;
			buildConfigurations = (
				F9C438741F550AB5004732E2 /* Debug */,
				F9C438751F550AB5004732E2 /* Release */,
			);
			defaultConfigurationIsVisible = 0;
			defaultConfigurationName = Release;
		};
		F9C438761F550AB5004732E2 /* Build configuration list for PBXNativeTarget "BeanCountImporter" */ = {
			isa = XCConfigurationList;
			buildConfigurations = (
				F9C438771F550AB5004732E2 /* Debug */,
				F9C438781F550AB5004732E2 /* Release */,
			);
			defaultConfigurationIsVisible = 0;
			defaultConfigurationName = Release;
		};
		F9C438791F550AB5004732E2 /* Build configuration list for PBXNativeTarget "BeanCountImporterTests" */ = {
			isa = XCConfigurationList;
			buildConfigurations = (
				F9C4387A1F550AB5004732E2 /* Debug */,
				F9C4387B1F550AB5004732E2 /* Release */,
			);
			defaultConfigurationIsVisible = 0;
			defaultConfigurationName = Release;
		};
		F9C4387C1F550AB5004732E2 /* Build configuration list for PBXNativeTarget "BeanCountImporterUITests" */ = {
			isa = XCConfigurationList;
			buildConfigurations = (
				F9C4387D1F550AB5004732E2 /* Debug */,
				F9C4387E1F550AB5004732E2 /* Release */,
			);
			defaultConfigurationIsVisible = 0;
			defaultConfigurationName = Release;
		};
/* End XCConfigurationList section */
	};
	rootObject = F9C438491F550AB5004732E2 /* Project object */;
}
