// !$*UTF8*$!
{
	archiveVersion = 1;
	classes = {
	};
	objectVersion = 54;
	objects = {

/* Begin PBXBuildFile section */
		F9007D57243A8509004F93E8 /* TagTokenFieldDataSource.swift in Sources */ = {isa = PBXBuildFile; fileRef = F9007D56243A8509004F93E8 /* TagTokenFieldDataSource.swift */; };
		F909311B202FE9A500166FB9 /* AccountComboBoxDataSource.swift in Sources */ = {isa = PBXBuildFile; fileRef = F909311A202FE9A500166FB9 /* AccountComboBoxDataSource.swift */; };
		F909311D202FF1F000166FB9 /* PayeeComboBoxDataSource.swift in Sources */ = {isa = PBXBuildFile; fileRef = F909311C202FF1F000166FB9 /* PayeeComboBoxDataSource.swift */; };
		F90E0C31246D123700F4C3B6 /* GeneralSettingsViewController.swift in Sources */ = {isa = PBXBuildFile; fileRef = F90E0C30246D123700F4C3B6 /* GeneralSettingsViewController.swift */; };
		F90E0C33246D24F400F4C3B6 /* ImporterInputViewController.swift in Sources */ = {isa = PBXBuildFile; fileRef = F90E0C32246D24F400F4C3B6 /* ImporterInputViewController.swift */; };
		F90E0C37246FBD9900F4C3B6 /* AccountMappingViewController.swift in Sources */ = {isa = PBXBuildFile; fileRef = F90E0C36246FBD9900F4C3B6 /* AccountMappingViewController.swift */; };
		F97ED1FD1F5CEEE1009BAD44 /* ImportViewController.swift in Sources */ = {isa = PBXBuildFile; fileRef = F97ED1FC1F5CEEE1009BAD44 /* ImportViewController.swift */; };
		F98E4AF82025911B00924AD4 /* DataEntryViewController.swift in Sources */ = {isa = PBXBuildFile; fileRef = F98E4AF72025911B00924AD4 /* DataEntryViewController.swift */; };
		F995061E23B11E8300777D71 /* DuplicateTransactionViewController.swift in Sources */ = {isa = PBXBuildFile; fileRef = F995061D23B11E8300777D71 /* DuplicateTransactionViewController.swift */; };
		F995062023B1780900777D71 /* LoadingIndicatorViewController.swift in Sources */ = {isa = PBXBuildFile; fileRef = F995061F23B1780900777D71 /* LoadingIndicatorViewController.swift */; };
		F99C9D97248C4A300008E360 /* SwiftBeanCountImporter in Frameworks */ = {isa = PBXBuildFile; productRef = F99C9D96248C4A300008E360 /* SwiftBeanCountImporter */; };
		F9B9E14E2324D4D200811B3F /* TextEntryViewController.swift in Sources */ = {isa = PBXBuildFile; fileRef = F9B9E14D2324D4D200811B3F /* TextEntryViewController.swift */; };
		F9C329FE2488D1770055EB90 /* SwiftBeanCountModel in Frameworks */ = {isa = PBXBuildFile; productRef = F9C329FD2488D1770055EB90 /* SwiftBeanCountModel */; };
		F9C32A012488D1A80055EB90 /* SwiftBeanCountParser in Frameworks */ = {isa = PBXBuildFile; productRef = F9C32A002488D1A80055EB90 /* SwiftBeanCountParser */; };
		F9C438551F550AB5004732E2 /* AppDelegate.swift in Sources */ = {isa = PBXBuildFile; fileRef = F9C438541F550AB5004732E2 /* AppDelegate.swift */; };
		F9C438571F550AB5004732E2 /* SelectorViewController.swift in Sources */ = {isa = PBXBuildFile; fileRef = F9C438561F550AB5004732E2 /* SelectorViewController.swift */; };
		F9C438591F550AB5004732E2 /* Assets.xcassets in Resources */ = {isa = PBXBuildFile; fileRef = F9C438581F550AB5004732E2 /* Assets.xcassets */; };
		F9C4385C1F550AB5004732E2 /* Main.storyboard in Resources */ = {isa = PBXBuildFile; fileRef = F9C4385A1F550AB5004732E2 /* Main.storyboard */; };
		F9C438671F550AB5004732E2 /* SwiftBeanCountImporterTests.swift in Sources */ = {isa = PBXBuildFile; fileRef = F9C438661F550AB5004732E2 /* SwiftBeanCountImporterTests.swift */; };
		F9C438721F550AB5004732E2 /* SwiftBeanCountImporterUITests.swift in Sources */ = {isa = PBXBuildFile; fileRef = F9C438711F550AB5004732E2 /* SwiftBeanCountImporterUITests.swift */; };
		F9D40B2026F0813100C4B28D /* HelpView.swift in Sources */ = {isa = PBXBuildFile; fileRef = F9D40B1F26F0813100C4B28D /* HelpView.swift */; };
		F9D40B2326F1C45200C4B28D /* KeychainAccess in Frameworks */ = {isa = PBXBuildFile; productRef = F9D40B2226F1C45200C4B28D /* KeychainAccess */; };
		F9DFC62823B3EB0000FB3792 /* DescriptionMappingViewController.swift in Sources */ = {isa = PBXBuildFile; fileRef = F9DFC62723B3EB0000FB3792 /* DescriptionMappingViewController.swift */; };
/* End PBXBuildFile section */

/* Begin PBXContainerItemProxy section */
		F9C438631F550AB5004732E2 /* PBXContainerItemProxy */ = {
			isa = PBXContainerItemProxy;
			containerPortal = F9C438491F550AB5004732E2 /* Project object */;
			proxyType = 1;
			remoteGlobalIDString = F9C438501F550AB5004732E2;
			remoteInfo = BeanCountImporter;
		};
		F9C4386E1F550AB5004732E2 /* PBXContainerItemProxy */ = {
			isa = PBXContainerItemProxy;
			containerPortal = F9C438491F550AB5004732E2 /* Project object */;
			proxyType = 1;
			remoteGlobalIDString = F9C438501F550AB5004732E2;
			remoteInfo = BeanCountImporter;
		};
/* End PBXContainerItemProxy section */

/* Begin PBXCopyFilesBuildPhase section */
		F9786CAE1F550C5F002EBB53 /* Carthage dSYMs */ = {
			isa = PBXCopyFilesBuildPhase;
			buildActionMask = 2147483647;
			dstPath = "";
			dstSubfolderSpec = 16;
			files = (
			);
			name = "Carthage dSYMs";
			runOnlyForDeploymentPostprocessing = 0;
		};
		F9C438821F550C11004732E2 /* Embed Frameworks */ = {
			isa = PBXCopyFilesBuildPhase;
			buildActionMask = 2147483647;
			dstPath = "";
			dstSubfolderSpec = 10;
			files = (
			);
			name = "Embed Frameworks";
			runOnlyForDeploymentPostprocessing = 0;
		};
/* End PBXCopyFilesBuildPhase section */

/* Begin PBXFileReference section */
		F9007D56243A8509004F93E8 /* TagTokenFieldDataSource.swift */ = {isa = PBXFileReference; lastKnownFileType = sourcecode.swift; path = TagTokenFieldDataSource.swift; sourceTree = "<group>"; };
		F909311A202FE9A500166FB9 /* AccountComboBoxDataSource.swift */ = {isa = PBXFileReference; lastKnownFileType = sourcecode.swift; path = AccountComboBoxDataSource.swift; sourceTree = "<group>"; };
		F909311C202FF1F000166FB9 /* PayeeComboBoxDataSource.swift */ = {isa = PBXFileReference; lastKnownFileType = sourcecode.swift; path = PayeeComboBoxDataSource.swift; sourceTree = "<group>"; };
		F90E0C30246D123700F4C3B6 /* GeneralSettingsViewController.swift */ = {isa = PBXFileReference; lastKnownFileType = sourcecode.swift; path = GeneralSettingsViewController.swift; sourceTree = "<group>"; };
		F90E0C32246D24F400F4C3B6 /* ImporterInputViewController.swift */ = {isa = PBXFileReference; lastKnownFileType = sourcecode.swift; path = ImporterInputViewController.swift; sourceTree = "<group>"; };
		F90E0C36246FBD9900F4C3B6 /* AccountMappingViewController.swift */ = {isa = PBXFileReference; lastKnownFileType = sourcecode.swift; path = AccountMappingViewController.swift; sourceTree = "<group>"; };
		F97ED1FC1F5CEEE1009BAD44 /* ImportViewController.swift */ = {isa = PBXFileReference; lastKnownFileType = sourcecode.swift; path = ImportViewController.swift; sourceTree = "<group>"; };
		F98E4AF72025911B00924AD4 /* DataEntryViewController.swift */ = {isa = PBXFileReference; lastKnownFileType = sourcecode.swift; path = DataEntryViewController.swift; sourceTree = "<group>"; };
		F995061D23B11E8300777D71 /* DuplicateTransactionViewController.swift */ = {isa = PBXFileReference; lastKnownFileType = sourcecode.swift; path = DuplicateTransactionViewController.swift; sourceTree = "<group>"; };
		F995061F23B1780900777D71 /* LoadingIndicatorViewController.swift */ = {isa = PBXFileReference; lastKnownFileType = sourcecode.swift; path = LoadingIndicatorViewController.swift; sourceTree = "<group>"; };
		F9B9E14D2324D4D200811B3F /* TextEntryViewController.swift */ = {isa = PBXFileReference; lastKnownFileType = sourcecode.swift; path = TextEntryViewController.swift; sourceTree = "<group>"; };
		F9C438511F550AB5004732E2 /* SwiftBeanCountImporterApp.app */ = {isa = PBXFileReference; explicitFileType = wrapper.application; includeInIndex = 0; path = SwiftBeanCountImporterApp.app; sourceTree = BUILT_PRODUCTS_DIR; };
		F9C438541F550AB5004732E2 /* AppDelegate.swift */ = {isa = PBXFileReference; lastKnownFileType = sourcecode.swift; path = AppDelegate.swift; sourceTree = "<group>"; };
		F9C438561F550AB5004732E2 /* SelectorViewController.swift */ = {isa = PBXFileReference; lastKnownFileType = sourcecode.swift; path = SelectorViewController.swift; sourceTree = "<group>"; };
		F9C438581F550AB5004732E2 /* Assets.xcassets */ = {isa = PBXFileReference; lastKnownFileType = folder.assetcatalog; path = Assets.xcassets; sourceTree = "<group>"; };
		F9C4385B1F550AB5004732E2 /* Base */ = {isa = PBXFileReference; lastKnownFileType = file.storyboard; name = Base; path = Base.lproj/Main.storyboard; sourceTree = "<group>"; };
		F9C4385D1F550AB5004732E2 /* Info.plist */ = {isa = PBXFileReference; lastKnownFileType = text.plist.xml; path = Info.plist; sourceTree = "<group>"; };
		F9C438621F550AB5004732E2 /* SwiftBeanCountImporterAppTests.xctest */ = {isa = PBXFileReference; explicitFileType = wrapper.cfbundle; includeInIndex = 0; path = SwiftBeanCountImporterAppTests.xctest; sourceTree = BUILT_PRODUCTS_DIR; };
		F9C438661F550AB5004732E2 /* SwiftBeanCountImporterTests.swift */ = {isa = PBXFileReference; lastKnownFileType = sourcecode.swift; path = SwiftBeanCountImporterTests.swift; sourceTree = "<group>"; };
		F9C438681F550AB5004732E2 /* Info.plist */ = {isa = PBXFileReference; lastKnownFileType = text.plist.xml; path = Info.plist; sourceTree = "<group>"; };
		F9C4386D1F550AB5004732E2 /* SwiftBeanCountImporterAppUITests.xctest */ = {isa = PBXFileReference; explicitFileType = wrapper.cfbundle; includeInIndex = 0; path = SwiftBeanCountImporterAppUITests.xctest; sourceTree = BUILT_PRODUCTS_DIR; };
		F9C438711F550AB5004732E2 /* SwiftBeanCountImporterUITests.swift */ = {isa = PBXFileReference; lastKnownFileType = sourcecode.swift; path = SwiftBeanCountImporterUITests.swift; sourceTree = "<group>"; };
		F9C438731F550AB5004732E2 /* Info.plist */ = {isa = PBXFileReference; lastKnownFileType = text.plist.xml; path = Info.plist; sourceTree = "<group>"; };
		F9D40B1F26F0813100C4B28D /* HelpView.swift */ = {isa = PBXFileReference; lastKnownFileType = sourcecode.swift; path = HelpView.swift; sourceTree = "<group>"; };
		F9DFC62723B3EB0000FB3792 /* DescriptionMappingViewController.swift */ = {isa = PBXFileReference; lastKnownFileType = sourcecode.swift; path = DescriptionMappingViewController.swift; sourceTree = "<group>"; };
/* End PBXFileReference section */

/* Begin PBXFrameworksBuildPhase section */
		F9C4384E1F550AB5004732E2 /* Frameworks */ = {
			isa = PBXFrameworksBuildPhase;
			buildActionMask = 2147483647;
			files = (
				F9D40B2326F1C45200C4B28D /* KeychainAccess in Frameworks */,
				F9C329FE2488D1770055EB90 /* SwiftBeanCountModel in Frameworks */,
				F9C32A012488D1A80055EB90 /* SwiftBeanCountParser in Frameworks */,
				F99C9D97248C4A300008E360 /* SwiftBeanCountImporter in Frameworks */,
			);
			runOnlyForDeploymentPostprocessing = 0;
		};
		F9C4385F1F550AB5004732E2 /* Frameworks */ = {
			isa = PBXFrameworksBuildPhase;
			buildActionMask = 2147483647;
			files = (
			);
			runOnlyForDeploymentPostprocessing = 0;
		};
		F9C4386A1F550AB5004732E2 /* Frameworks */ = {
			isa = PBXFrameworksBuildPhase;
			buildActionMask = 2147483647;
			files = (
			);
			runOnlyForDeploymentPostprocessing = 0;
		};
/* End PBXFrameworksBuildPhase section */

/* Begin PBXGroup section */
		F9093119202FE98900166FB9 /* DataSource */ = {
			isa = PBXGroup;
			children = (
				F909311A202FE9A500166FB9 /* AccountComboBoxDataSource.swift */,
				F909311C202FF1F000166FB9 /* PayeeComboBoxDataSource.swift */,
				F9007D56243A8509004F93E8 /* TagTokenFieldDataSource.swift */,
			);
			path = DataSource;
			sourceTree = "<group>";
		};
		F90E0C2C2468EEB700F4C3B6 /* Settings */ = {
			isa = PBXGroup;
			children = (
				F9DFC62723B3EB0000FB3792 /* DescriptionMappingViewController.swift */,
				F90E0C30246D123700F4C3B6 /* GeneralSettingsViewController.swift */,
				F90E0C36246FBD9900F4C3B6 /* AccountMappingViewController.swift */,
			);
			path = Settings;
			sourceTree = "<group>";
		};
		F9786CB11F550CA5002EBB53 /* Supporting Files */ = {
			isa = PBXGroup;
			children = (
				F9C438581F550AB5004732E2 /* Assets.xcassets */,
				F9C4385D1F550AB5004732E2 /* Info.plist */,
			);
			path = "Supporting Files";
			sourceTree = "<group>";
		};
		F98AD0FC1F552C7300CC02DA /* Views */ = {
			isa = PBXGroup;
			children = (
				F9C4385A1F550AB5004732E2 /* Main.storyboard */,
			);
			path = Views;
			sourceTree = "<group>";
		};
		F98AD0FD1F552C8000CC02DA /* Controller */ = {
			isa = PBXGroup;
			children = (
				F9D40B1E26F0812500C4B28D /* Help */,
				F90E0C2C2468EEB700F4C3B6 /* Settings */,
				F9C438561F550AB5004732E2 /* SelectorViewController.swift */,
				F97ED1FC1F5CEEE1009BAD44 /* ImportViewController.swift */,
				F98E4AF72025911B00924AD4 /* DataEntryViewController.swift */,
				F9B9E14D2324D4D200811B3F /* TextEntryViewController.swift */,
				F995061D23B11E8300777D71 /* DuplicateTransactionViewController.swift */,
				F995061F23B1780900777D71 /* LoadingIndicatorViewController.swift */,
				F90E0C32246D24F400F4C3B6 /* ImporterInputViewController.swift */,
			);
			path = Controller;
			sourceTree = "<group>";
		};
		F9C438481F550AB5004732E2 = {
			isa = PBXGroup;
			children = (
				F9C438531F550AB5004732E2 /* SwiftBeanCountImporterApp */,
				F9C438651F550AB5004732E2 /* SwiftBeanCountImporterAppTests */,
				F9C438701F550AB5004732E2 /* SwiftBeanCountImporterAppUITests */,
				F9C438831F550C18004732E2 /* Frameworks */,
				F9C438521F550AB5004732E2 /* Products */,
			);
			sourceTree = "<group>";
		};
		F9C438521F550AB5004732E2 /* Products */ = {
			isa = PBXGroup;
			children = (
				F9C438511F550AB5004732E2 /* SwiftBeanCountImporterApp.app */,
				F9C438621F550AB5004732E2 /* SwiftBeanCountImporterAppTests.xctest */,
				F9C4386D1F550AB5004732E2 /* SwiftBeanCountImporterAppUITests.xctest */,
			);
			name = Products;
			sourceTree = "<group>";
		};
		F9C438531F550AB5004732E2 /* SwiftBeanCountImporterApp */ = {
			isa = PBXGroup;
			children = (
				F9C438541F550AB5004732E2 /* AppDelegate.swift */,
				F98AD0FD1F552C8000CC02DA /* Controller */,
				F9093119202FE98900166FB9 /* DataSource */,
				F98AD0FC1F552C7300CC02DA /* Views */,
				F9786CB11F550CA5002EBB53 /* Supporting Files */,
			);
			path = SwiftBeanCountImporterApp;
			sourceTree = "<group>";
		};
		F9C438651F550AB5004732E2 /* SwiftBeanCountImporterAppTests */ = {
			isa = PBXGroup;
			children = (
				F9C438661F550AB5004732E2 /* SwiftBeanCountImporterTests.swift */,
				F9C438681F550AB5004732E2 /* Info.plist */,
			);
			path = SwiftBeanCountImporterAppTests;
			sourceTree = "<group>";
		};
		F9C438701F550AB5004732E2 /* SwiftBeanCountImporterAppUITests */ = {
			isa = PBXGroup;
			children = (
				F9C438711F550AB5004732E2 /* SwiftBeanCountImporterUITests.swift */,
				F9C438731F550AB5004732E2 /* Info.plist */,
			);
			path = SwiftBeanCountImporterAppUITests;
			sourceTree = "<group>";
		};
		F9C438831F550C18004732E2 /* Frameworks */ = {
			isa = PBXGroup;
			children = (
			);
			name = Frameworks;
			sourceTree = "<group>";
		};
		F9D40B1E26F0812500C4B28D /* Help */ = {
			isa = PBXGroup;
			children = (
				F9D40B1F26F0813100C4B28D /* HelpView.swift */,
			);
			path = Help;
			sourceTree = "<group>";
		};
/* End PBXGroup section */

/* Begin PBXNativeTarget section */
		F9C438501F550AB5004732E2 /* SwiftBeanCountImporterApp */ = {
			isa = PBXNativeTarget;
			buildConfigurationList = F9C438761F550AB5004732E2 /* Build configuration list for PBXNativeTarget "SwiftBeanCountImporterApp" */;
			buildPhases = (
				F9786CB21F550CD1002EBB53 /* SwiftLint */,
				F9C4384D1F550AB5004732E2 /* Sources */,
				F9C4384E1F550AB5004732E2 /* Frameworks */,
				F9C4384F1F550AB5004732E2 /* Resources */,
				F9C438821F550C11004732E2 /* Embed Frameworks */,
				F9786CAE1F550C5F002EBB53 /* Carthage dSYMs */,
			);
			buildRules = (
			);
			dependencies = (
			);
			name = SwiftBeanCountImporterApp;
			packageProductDependencies = (
				F9C329FD2488D1770055EB90 /* SwiftBeanCountModel */,
				F9C32A002488D1A80055EB90 /* SwiftBeanCountParser */,
				F99C9D96248C4A300008E360 /* SwiftBeanCountImporter */,
				F9D40B2226F1C45200C4B28D /* KeychainAccess */,
			);
			productName = BeanCountImporter;
			productReference = F9C438511F550AB5004732E2 /* SwiftBeanCountImporterApp.app */;
			productType = "com.apple.product-type.application";
		};
		F9C438611F550AB5004732E2 /* SwiftBeanCountImporterAppTests */ = {
			isa = PBXNativeTarget;
			buildConfigurationList = F9C438791F550AB5004732E2 /* Build configuration list for PBXNativeTarget "SwiftBeanCountImporterAppTests" */;
			buildPhases = (
				F9C4385E1F550AB5004732E2 /* Sources */,
				F9C4385F1F550AB5004732E2 /* Frameworks */,
				F9C438601F550AB5004732E2 /* Resources */,
			);
			buildRules = (
			);
			dependencies = (
				F9C438641F550AB5004732E2 /* PBXTargetDependency */,
			);
			name = SwiftBeanCountImporterAppTests;
			productName = BeanCountImporterTests;
			productReference = F9C438621F550AB5004732E2 /* SwiftBeanCountImporterAppTests.xctest */;
			productType = "com.apple.product-type.bundle.unit-test";
		};
		F9C4386C1F550AB5004732E2 /* SwiftBeanCountImporterAppUITests */ = {
			isa = PBXNativeTarget;
			buildConfigurationList = F9C4387C1F550AB5004732E2 /* Build configuration list for PBXNativeTarget "SwiftBeanCountImporterAppUITests" */;
			buildPhases = (
				F9C438691F550AB5004732E2 /* Sources */,
				F9C4386A1F550AB5004732E2 /* Frameworks */,
				F9C4386B1F550AB5004732E2 /* Resources */,
			);
			buildRules = (
			);
			dependencies = (
				F9C4386F1F550AB5004732E2 /* PBXTargetDependency */,
			);
			name = SwiftBeanCountImporterAppUITests;
			productName = BeanCountImporterUITests;
			productReference = F9C4386D1F550AB5004732E2 /* SwiftBeanCountImporterAppUITests.xctest */;
			productType = "com.apple.product-type.bundle.ui-testing";
		};
/* End PBXNativeTarget section */

/* Begin PBXProject section */
		F9C438491F550AB5004732E2 /* Project object */ = {
			isa = PBXProject;
			attributes = {
				BuildIndependentTargetsInParallel = YES;
				LastSwiftUpdateCheck = 0830;
				LastUpgradeCheck = 1600;
				ORGANIZATIONNAME = "Steffen Kötte";
				TargetAttributes = {
					F9C438501F550AB5004732E2 = {
						CreatedOnToolsVersion = 8.3.3;
						LastSwiftMigration = 0900;
						ProvisioningStyle = Automatic;
					};
					F9C438611F550AB5004732E2 = {
						CreatedOnToolsVersion = 8.3.3;
						DevelopmentTeam = D99VYUJN25;
						LastSwiftMigration = 0900;
						ProvisioningStyle = Automatic;
						TestTargetID = F9C438501F550AB5004732E2;
					};
					F9C4386C1F550AB5004732E2 = {
						CreatedOnToolsVersion = 8.3.3;
						DevelopmentTeam = D99VYUJN25;
						LastSwiftMigration = 0900;
						ProvisioningStyle = Automatic;
						TestTargetID = F9C438501F550AB5004732E2;
					};
				};
			};
			buildConfigurationList = F9C4384C1F550AB5004732E2 /* Build configuration list for PBXProject "SwiftBeanCountImporterApp" */;
			compatibilityVersion = "Xcode 3.2";
			developmentRegion = en;
			hasScannedForEncodings = 0;
			knownRegions = (
				en,
				Base,
			);
			mainGroup = F9C438481F550AB5004732E2;
			packageReferences = (
				F9C329FC2488D1770055EB90 /* XCRemoteSwiftPackageReference "SwiftBeanCountModel" */,
				F9C329FF2488D1A80055EB90 /* XCRemoteSwiftPackageReference "SwiftBeanCountParser" */,
				F99C9D95248C4A300008E360 /* XCRemoteSwiftPackageReference "SwiftBeanCountImporter" */,
				F9D40B2126F1C45200C4B28D /* XCRemoteSwiftPackageReference "KeychainAccess" */,
			);
			productRefGroup = F9C438521F550AB5004732E2 /* Products */;
			projectDirPath = "";
			projectRoot = "";
			targets = (
				F9C438501F550AB5004732E2 /* SwiftBeanCountImporterApp */,
				F9C438611F550AB5004732E2 /* SwiftBeanCountImporterAppTests */,
				F9C4386C1F550AB5004732E2 /* SwiftBeanCountImporterAppUITests */,
			);
		};
/* End PBXProject section */

/* Begin PBXResourcesBuildPhase section */
		F9C4384F1F550AB5004732E2 /* Resources */ = {
			isa = PBXResourcesBuildPhase;
			buildActionMask = 2147483647;
			files = (
				F9C438591F550AB5004732E2 /* Assets.xcassets in Resources */,
				F9C4385C1F550AB5004732E2 /* Main.storyboard in Resources */,
			);
			runOnlyForDeploymentPostprocessing = 0;
		};
		F9C438601F550AB5004732E2 /* Resources */ = {
			isa = PBXResourcesBuildPhase;
			buildActionMask = 2147483647;
			files = (
			);
			runOnlyForDeploymentPostprocessing = 0;
		};
		F9C4386B1F550AB5004732E2 /* Resources */ = {
			isa = PBXResourcesBuildPhase;
			buildActionMask = 2147483647;
			files = (
			);
			runOnlyForDeploymentPostprocessing = 0;
		};
/* End PBXResourcesBuildPhase section */

/* Begin PBXShellScriptBuildPhase section */
		F9786CB21F550CD1002EBB53 /* SwiftLint */ = {
			isa = PBXShellScriptBuildPhase;
			alwaysOutOfDate = 1;
			buildActionMask = 2147483647;
			files = (
			);
			inputPaths = (
			);
			name = SwiftLint;
			outputPaths = (
			);
			runOnlyForDeploymentPostprocessing = 0;
			shellPath = /bin/zsh;
			shellScript = "if [ \"$CI\" != true ] ; then\n    if test -d \"/opt/homebrew/bin/\"; then\n      PATH=\"/opt/homebrew/bin/:${PATH}\"\n    fi\n\n    export PATH\n\n    if which swiftlint >/dev/null; then\n      swiftlint --strict\n    else\n      echo \"warning: SwiftLint not installed, download from https://github.com/realm/SwiftLint\"\n    fi\nfi\n";
		};
/* End PBXShellScriptBuildPhase section */

/* Begin PBXSourcesBuildPhase section */
		F9C4384D1F550AB5004732E2 /* Sources */ = {
			isa = PBXSourcesBuildPhase;
			buildActionMask = 2147483647;
			files = (
				F9C438571F550AB5004732E2 /* SelectorViewController.swift in Sources */,
				F995062023B1780900777D71 /* LoadingIndicatorViewController.swift in Sources */,
				F9B9E14E2324D4D200811B3F /* TextEntryViewController.swift in Sources */,
				F9007D57243A8509004F93E8 /* TagTokenFieldDataSource.swift in Sources */,
				F909311B202FE9A500166FB9 /* AccountComboBoxDataSource.swift in Sources */,
				F90E0C31246D123700F4C3B6 /* GeneralSettingsViewController.swift in Sources */,
				F9C438551F550AB5004732E2 /* AppDelegate.swift in Sources */,
				F995061E23B11E8300777D71 /* DuplicateTransactionViewController.swift in Sources */,
				F98E4AF82025911B00924AD4 /* DataEntryViewController.swift in Sources */,
				F9DFC62823B3EB0000FB3792 /* DescriptionMappingViewController.swift in Sources */,
				F90E0C37246FBD9900F4C3B6 /* AccountMappingViewController.swift in Sources */,
				F90E0C33246D24F400F4C3B6 /* ImporterInputViewController.swift in Sources */,
				F909311D202FF1F000166FB9 /* PayeeComboBoxDataSource.swift in Sources */,
				F9D40B2026F0813100C4B28D /* HelpView.swift in Sources */,
				F97ED1FD1F5CEEE1009BAD44 /* ImportViewController.swift in Sources */,
			);
			runOnlyForDeploymentPostprocessing = 0;
		};
		F9C4385E1F550AB5004732E2 /* Sources */ = {
			isa = PBXSourcesBuildPhase;
			buildActionMask = 2147483647;
			files = (
				F9C438671F550AB5004732E2 /* SwiftBeanCountImporterTests.swift in Sources */,
			);
			runOnlyForDeploymentPostprocessing = 0;
		};
		F9C438691F550AB5004732E2 /* Sources */ = {
			isa = PBXSourcesBuildPhase;
			buildActionMask = 2147483647;
			files = (
				F9C438721F550AB5004732E2 /* SwiftBeanCountImporterUITests.swift in Sources */,
			);
			runOnlyForDeploymentPostprocessing = 0;
		};
/* End PBXSourcesBuildPhase section */

/* Begin PBXTargetDependency section */
		F9C438641F550AB5004732E2 /* PBXTargetDependency */ = {
			isa = PBXTargetDependency;
			target = F9C438501F550AB5004732E2 /* SwiftBeanCountImporterApp */;
			targetProxy = F9C438631F550AB5004732E2 /* PBXContainerItemProxy */;
		};
		F9C4386F1F550AB5004732E2 /* PBXTargetDependency */ = {
			isa = PBXTargetDependency;
			target = F9C438501F550AB5004732E2 /* SwiftBeanCountImporterApp */;
			targetProxy = F9C4386E1F550AB5004732E2 /* PBXContainerItemProxy */;
		};
/* End PBXTargetDependency section */

/* Begin PBXVariantGroup section */
		F9C4385A1F550AB5004732E2 /* Main.storyboard */ = {
			isa = PBXVariantGroup;
			children = (
				F9C4385B1F550AB5004732E2 /* Base */,
			);
			name = Main.storyboard;
			sourceTree = "<group>";
		};
/* End PBXVariantGroup section */

/* Begin XCBuildConfiguration section */
		F9C438741F550AB5004732E2 /* Debug */ = {
			isa = XCBuildConfiguration;
			buildSettings = {
				ALWAYS_SEARCH_USER_PATHS = NO;
				ASSETCATALOG_COMPILER_GENERATE_SWIFT_ASSET_SYMBOL_EXTENSIONS = YES;
				CLANG_ANALYZER_LOCALIZABILITY_NONLOCALIZED = YES;
				CLANG_ANALYZER_NONNULL = YES;
				CLANG_ANALYZER_NUMBER_OBJECT_CONVERSION = YES_AGGRESSIVE;
				CLANG_CXX_LANGUAGE_STANDARD = "gnu++0x";
				CLANG_CXX_LIBRARY = "libc++";
				CLANG_ENABLE_MODULES = YES;
				CLANG_ENABLE_OBJC_ARC = YES;
				CLANG_WARN_BLOCK_CAPTURE_AUTORELEASING = YES;
				CLANG_WARN_BOOL_CONVERSION = YES;
				CLANG_WARN_COMMA = YES;
				CLANG_WARN_CONSTANT_CONVERSION = YES;
				CLANG_WARN_DEPRECATED_OBJC_IMPLEMENTATIONS = YES;
				CLANG_WARN_DIRECT_OBJC_ISA_USAGE = YES_ERROR;
				CLANG_WARN_DOCUMENTATION_COMMENTS = YES;
				CLANG_WARN_EMPTY_BODY = YES;
				CLANG_WARN_ENUM_CONVERSION = YES;
				CLANG_WARN_INFINITE_RECURSION = YES;
				CLANG_WARN_INT_CONVERSION = YES;
				CLANG_WARN_NON_LITERAL_NULL_CONVERSION = YES;
				CLANG_WARN_OBJC_IMPLICIT_RETAIN_SELF = YES;
				CLANG_WARN_OBJC_LITERAL_CONVERSION = YES;
				CLANG_WARN_OBJC_ROOT_CLASS = YES_ERROR;
				CLANG_WARN_QUOTED_INCLUDE_IN_FRAMEWORK_HEADER = YES;
				CLANG_WARN_RANGE_LOOP_ANALYSIS = YES;
				CLANG_WARN_STRICT_PROTOTYPES = YES;
				CLANG_WARN_SUSPICIOUS_MOVE = YES;
				CLANG_WARN_UNREACHABLE_CODE = YES;
				CLANG_WARN__DUPLICATE_METHOD_MATCH = YES;
				CODE_SIGN_IDENTITY = "-";
				COPY_PHASE_STRIP = NO;
				DEAD_CODE_STRIPPING = YES;
				DEBUG_INFORMATION_FORMAT = dwarf;
				ENABLE_STRICT_OBJC_MSGSEND = YES;
				ENABLE_TESTABILITY = YES;
				ENABLE_USER_SCRIPT_SANDBOXING = NO;
				GCC_C_LANGUAGE_STANDARD = gnu99;
				GCC_DYNAMIC_NO_PIC = NO;
				GCC_NO_COMMON_BLOCKS = YES;
				GCC_OPTIMIZATION_LEVEL = 0;
				GCC_PREPROCESSOR_DEFINITIONS = (
					"DEBUG=1",
					"$(inherited)",
				);
				GCC_WARN_64_TO_32_BIT_CONVERSION = YES;
				GCC_WARN_ABOUT_RETURN_TYPE = YES_ERROR;
				GCC_WARN_UNDECLARED_SELECTOR = YES;
				GCC_WARN_UNINITIALIZED_AUTOS = YES_AGGRESSIVE;
				GCC_WARN_UNUSED_FUNCTION = YES;
				GCC_WARN_UNUSED_VARIABLE = YES;
				MACOSX_DEPLOYMENT_TARGET = 11.0;
				MTL_ENABLE_DEBUG_INFO = YES;
				ONLY_ACTIVE_ARCH = YES;
				SDKROOT = macosx;
				SWIFT_ACTIVE_COMPILATION_CONDITIONS = DEBUG;
				SWIFT_OPTIMIZATION_LEVEL = "-Onone";
			};
			name = Debug;
		};
		F9C438751F550AB5004732E2 /* Release */ = {
			isa = XCBuildConfiguration;
			buildSettings = {
				ALWAYS_SEARCH_USER_PATHS = NO;
				ASSETCATALOG_COMPILER_GENERATE_SWIFT_ASSET_SYMBOL_EXTENSIONS = YES;
				CLANG_ANALYZER_LOCALIZABILITY_NONLOCALIZED = YES;
				CLANG_ANALYZER_NONNULL = YES;
				CLANG_ANALYZER_NUMBER_OBJECT_CONVERSION = YES_AGGRESSIVE;
				CLANG_CXX_LANGUAGE_STANDARD = "gnu++0x";
				CLANG_CXX_LIBRARY = "libc++";
				CLANG_ENABLE_MODULES = YES;
				CLANG_ENABLE_OBJC_ARC = YES;
				CLANG_WARN_BLOCK_CAPTURE_AUTORELEASING = YES;
				CLANG_WARN_BOOL_CONVERSION = YES;
				CLANG_WARN_COMMA = YES;
				CLANG_WARN_CONSTANT_CONVERSION = YES;
				CLANG_WARN_DEPRECATED_OBJC_IMPLEMENTATIONS = YES;
				CLANG_WARN_DIRECT_OBJC_ISA_USAGE = YES_ERROR;
				CLANG_WARN_DOCUMENTATION_COMMENTS = YES;
				CLANG_WARN_EMPTY_BODY = YES;
				CLANG_WARN_ENUM_CONVERSION = YES;
				CLANG_WARN_INFINITE_RECURSION = YES;
				CLANG_WARN_INT_CONVERSION = YES;
				CLANG_WARN_NON_LITERAL_NULL_CONVERSION = YES;
				CLANG_WARN_OBJC_IMPLICIT_RETAIN_SELF = YES;
				CLANG_WARN_OBJC_LITERAL_CONVERSION = YES;
				CLANG_WARN_OBJC_ROOT_CLASS = YES_ERROR;
				CLANG_WARN_QUOTED_INCLUDE_IN_FRAMEWORK_HEADER = YES;
				CLANG_WARN_RANGE_LOOP_ANALYSIS = YES;
				CLANG_WARN_STRICT_PROTOTYPES = YES;
				CLANG_WARN_SUSPICIOUS_MOVE = YES;
				CLANG_WARN_UNREACHABLE_CODE = YES;
				CLANG_WARN__DUPLICATE_METHOD_MATCH = YES;
				CODE_SIGN_IDENTITY = "-";
				COPY_PHASE_STRIP = NO;
				DEAD_CODE_STRIPPING = YES;
				DEBUG_INFORMATION_FORMAT = "dwarf-with-dsym";
				ENABLE_NS_ASSERTIONS = NO;
				ENABLE_STRICT_OBJC_MSGSEND = YES;
				ENABLE_USER_SCRIPT_SANDBOXING = NO;
				GCC_C_LANGUAGE_STANDARD = gnu99;
				GCC_NO_COMMON_BLOCKS = YES;
				GCC_WARN_64_TO_32_BIT_CONVERSION = YES;
				GCC_WARN_ABOUT_RETURN_TYPE = YES_ERROR;
				GCC_WARN_UNDECLARED_SELECTOR = YES;
				GCC_WARN_UNINITIALIZED_AUTOS = YES_AGGRESSIVE;
				GCC_WARN_UNUSED_FUNCTION = YES;
				GCC_WARN_UNUSED_VARIABLE = YES;
				MACOSX_DEPLOYMENT_TARGET = 11.0;
				MTL_ENABLE_DEBUG_INFO = NO;
				SDKROOT = macosx;
				SWIFT_COMPILATION_MODE = wholemodule;
				SWIFT_OPTIMIZATION_LEVEL = "-O";
			};
			name = Release;
		};
		F9C438771F550AB5004732E2 /* Debug */ = {
			isa = XCBuildConfiguration;
			buildSettings = {
				ASSETCATALOG_COMPILER_APPICON_NAME = AppIcon;
				CODE_SIGN_IDENTITY = "";
				CODE_SIGN_STYLE = Automatic;
				COMBINE_HIDPI_IMAGES = YES;
				DEAD_CODE_STRIPPING = YES;
				DEVELOPMENT_TEAM = "";
				FRAMEWORK_SEARCH_PATHS = "$(inherited)";
				INFOPLIST_FILE = "$(SRCROOT)/SwiftBeanCountImporterApp/Supporting Files/Info.plist";
				LD_RUNPATH_SEARCH_PATHS = (
					"$(inherited)",
					"@executable_path/../Frameworks",
				);
				PRODUCT_BUNDLE_IDENTIFIER = de.steffenkoette.SwiftBeanCountImporterApp.SwiftBeanCountImporterApp;
				PRODUCT_NAME = "$(TARGET_NAME)";
				PROVISIONING_PROFILE_SPECIFIER = "";
				SWIFT_SWIFT3_OBJC_INFERENCE = Default;
				SWIFT_VERSION = 5.0;
			};
			name = Debug;
		};
		F9C438781F550AB5004732E2 /* Release */ = {
			isa = XCBuildConfiguration;
			buildSettings = {
				ASSETCATALOG_COMPILER_APPICON_NAME = AppIcon;
				CODE_SIGN_IDENTITY = "";
				CODE_SIGN_STYLE = Automatic;
				COMBINE_HIDPI_IMAGES = YES;
				DEAD_CODE_STRIPPING = YES;
				DEVELOPMENT_TEAM = "";
				FRAMEWORK_SEARCH_PATHS = "$(inherited)";
				INFOPLIST_FILE = "$(SRCROOT)/SwiftBeanCountImporterApp/Supporting Files/Info.plist";
				LD_RUNPATH_SEARCH_PATHS = (
					"$(inherited)",
					"@executable_path/../Frameworks",
				);
				PRODUCT_BUNDLE_IDENTIFIER = de.steffenkoette.SwiftBeanCountImporterApp.SwiftBeanCountImporterApp;
				PRODUCT_NAME = "$(TARGET_NAME)";
				PROVISIONING_PROFILE_SPECIFIER = "";
				SWIFT_SWIFT3_OBJC_INFERENCE = Default;
				SWIFT_VERSION = 5.0;
			};
			name = Release;
		};
		F9C4387A1F550AB5004732E2 /* Debug */ = {
			isa = XCBuildConfiguration;
			buildSettings = {
				BUNDLE_LOADER = "$(TEST_HOST)";
				CODE_SIGN_IDENTITY = "";
				COMBINE_HIDPI_IMAGES = YES;
				DEAD_CODE_STRIPPING = YES;
				DEVELOPMENT_TEAM = "";
				INFOPLIST_FILE = SwiftBeanCountImporterAppTests/Info.plist;
				LD_RUNPATH_SEARCH_PATHS = (
					"$(inherited)",
					"@executable_path/../Frameworks",
					"@loader_path/../Frameworks",
				);
				PRODUCT_BUNDLE_IDENTIFIER = de.steffenkoette.SwiftBeanCountImporterApp.SwiftBeanCountImporterAppTests;
				PRODUCT_NAME = "$(TARGET_NAME)";
				SWIFT_SWIFT3_OBJC_INFERENCE = Default;
				SWIFT_VERSION = 5.0;
				TEST_HOST = "$(BUILT_PRODUCTS_DIR)/SwiftBeanCountImporterApp.app/Contents/MacOS/SwiftBeanCountImporterApp";
			};
			name = Debug;
		};
		F9C4387B1F550AB5004732E2 /* Release */ = {
			isa = XCBuildConfiguration;
			buildSettings = {
				BUNDLE_LOADER = "$(TEST_HOST)";
				CODE_SIGN_IDENTITY = "";
				COMBINE_HIDPI_IMAGES = YES;
				DEAD_CODE_STRIPPING = YES;
				DEVELOPMENT_TEAM = "";
				INFOPLIST_FILE = SwiftBeanCountImporterAppTests/Info.plist;
				LD_RUNPATH_SEARCH_PATHS = (
					"$(inherited)",
					"@executable_path/../Frameworks",
					"@loader_path/../Frameworks",
				);
				PRODUCT_BUNDLE_IDENTIFIER = de.steffenkoette.SwiftBeanCountImporterApp.SwiftBeanCountImporterAppTests;
				PRODUCT_NAME = "$(TARGET_NAME)";
				SWIFT_SWIFT3_OBJC_INFERENCE = Default;
				SWIFT_VERSION = 5.0;
				TEST_HOST = "$(BUILT_PRODUCTS_DIR)/SwiftBeanCountImporterApp.app/Contents/MacOS/SwiftBeanCountImporterApp";
			};
			name = Release;
		};
		F9C4387D1F550AB5004732E2 /* Debug */ = {
			isa = XCBuildConfiguration;
			buildSettings = {
				CODE_SIGN_IDENTITY = "";
				COMBINE_HIDPI_IMAGES = YES;
				DEAD_CODE_STRIPPING = YES;
				DEVELOPMENT_TEAM = "";
				INFOPLIST_FILE = SwiftBeanCountImporterAppUITests/Info.plist;
				LD_RUNPATH_SEARCH_PATHS = (
					"$(inherited)",
					"@executable_path/../Frameworks",
					"@loader_path/../Frameworks",
				);
				PRODUCT_BUNDLE_IDENTIFIER = "de.steffenkoette.SwiftBeanCountImporterApp.SwiftBeanCountImporterApp;UITests";
				PRODUCT_NAME = "$(TARGET_NAME)";
				SWIFT_SWIFT3_OBJC_INFERENCE = Default;
				SWIFT_VERSION = 5.0;
				TEST_TARGET_NAME = SwiftBeanCountImporterApp;
			};
			name = Debug;
		};
		F9C4387E1F550AB5004732E2 /* Release */ = {
			isa = XCBuildConfiguration;
			buildSettings = {
				CODE_SIGN_IDENTITY = "";
				COMBINE_HIDPI_IMAGES = YES;
				DEAD_CODE_STRIPPING = YES;
				DEVELOPMENT_TEAM = "";
				INFOPLIST_FILE = SwiftBeanCountImporterAppUITests/Info.plist;
				LD_RUNPATH_SEARCH_PATHS = (
					"$(inherited)",
					"@executable_path/../Frameworks",
					"@loader_path/../Frameworks",
				);
				PRODUCT_BUNDLE_IDENTIFIER = "de.steffenkoette.SwiftBeanCountImporterApp.SwiftBeanCountImporterApp;UITests";
				PRODUCT_NAME = "$(TARGET_NAME)";
				SWIFT_SWIFT3_OBJC_INFERENCE = Default;
				SWIFT_VERSION = 5.0;
				TEST_TARGET_NAME = SwiftBeanCountImporterApp;
			};
			name = Release;
		};
/* End XCBuildConfiguration section */

/* Begin XCConfigurationList section */
		F9C4384C1F550AB5004732E2 /* Build configuration list for PBXProject "SwiftBeanCountImporterApp" */ = {
			isa = XCConfigurationList;
			buildConfigurations = (
				F9C438741F550AB5004732E2 /* Debug */,
				F9C438751F550AB5004732E2 /* Release */,
			);
			defaultConfigurationIsVisible = 0;
			defaultConfigurationName = Release;
		};
		F9C438761F550AB5004732E2 /* Build configuration list for PBXNativeTarget "SwiftBeanCountImporterApp" */ = {
			isa = XCConfigurationList;
			buildConfigurations = (
				F9C438771F550AB5004732E2 /* Debug */,
				F9C438781F550AB5004732E2 /* Release */,
			);
			defaultConfigurationIsVisible = 0;
			defaultConfigurationName = Release;
		};
		F9C438791F550AB5004732E2 /* Build configuration list for PBXNativeTarget "SwiftBeanCountImporterAppTests" */ = {
			isa = XCConfigurationList;
			buildConfigurations = (
				F9C4387A1F550AB5004732E2 /* Debug */,
				F9C4387B1F550AB5004732E2 /* Release */,
			);
			defaultConfigurationIsVisible = 0;
			defaultConfigurationName = Release;
		};
		F9C4387C1F550AB5004732E2 /* Build configuration list for PBXNativeTarget "SwiftBeanCountImporterAppUITests" */ = {
			isa = XCConfigurationList;
			buildConfigurations = (
				F9C4387D1F550AB5004732E2 /* Debug */,
				F9C4387E1F550AB5004732E2 /* Release */,
			);
			defaultConfigurationIsVisible = 0;
			defaultConfigurationName = Release;
		};
/* End XCConfigurationList section */

/* Begin XCRemoteSwiftPackageReference section */
		F99C9D95248C4A300008E360 /* XCRemoteSwiftPackageReference "SwiftBeanCountImporter" */ = {
			isa = XCRemoteSwiftPackageReference;
			repositoryURL = "https://github.com/Nef10/SwiftBeanCountImporter.git";
			requirement = {
				kind = upToNextMinorVersion;
				minimumVersion = 0.8.1;
			};
		};
		F9C329FC2488D1770055EB90 /* XCRemoteSwiftPackageReference "SwiftBeanCountModel" */ = {
			isa = XCRemoteSwiftPackageReference;
			repositoryURL = "https://github.com/Nef10/SwiftBeanCountModel.git";
			requirement = {
				kind = exactVersion;
				version = 0.1.6;
			};
		};
		F9C329FF2488D1A80055EB90 /* XCRemoteSwiftPackageReference "SwiftBeanCountParser" */ = {
			isa = XCRemoteSwiftPackageReference;
			repositoryURL = "https://github.com/Nef10/SwiftBeanCountParser.git";
			requirement = {
				kind = exactVersion;
				version = 0.1.8;
			};
		};
		F9D40B2126F1C45200C4B28D /* XCRemoteSwiftPackageReference "KeychainAccess" */ = {
			isa = XCRemoteSwiftPackageReference;
			repositoryURL = "https://github.com/kishikawakatsumi/KeychainAccess.git";
			requirement = {
				kind = upToNextMajorVersion;
				minimumVersion = 4.2.0;
			};
		};
/* End XCRemoteSwiftPackageReference section */

/* Begin XCSwiftPackageProductDependency section */
		F99C9D96248C4A300008E360 /* SwiftBeanCountImporter */ = {
			isa = XCSwiftPackageProductDependency;
			package = F99C9D95248C4A300008E360 /* XCRemoteSwiftPackageReference "SwiftBeanCountImporter" */;
			productName = SwiftBeanCountImporter;
		};
		F9C329FD2488D1770055EB90 /* SwiftBeanCountModel */ = {
			isa = XCSwiftPackageProductDependency;
			package = F9C329FC2488D1770055EB90 /* XCRemoteSwiftPackageReference "SwiftBeanCountModel" */;
			productName = SwiftBeanCountModel;
		};
		F9C32A002488D1A80055EB90 /* SwiftBeanCountParser */ = {
			isa = XCSwiftPackageProductDependency;
			package = F9C329FF2488D1A80055EB90 /* XCRemoteSwiftPackageReference "SwiftBeanCountParser" */;
			productName = SwiftBeanCountParser;
		};
		F9D40B2226F1C45200C4B28D /* KeychainAccess */ = {
			isa = XCSwiftPackageProductDependency;
			package = F9D40B2126F1C45200C4B28D /* XCRemoteSwiftPackageReference "KeychainAccess" */;
			productName = KeychainAccess;
		};
/* End XCSwiftPackageProductDependency section */
	};
	rootObject = F9C438491F550AB5004732E2 /* Project object */;
}
